<?xml version="1.0" encoding="utf-8"?>
<Project ToolsVersion="4.0" xmlns="http://schemas.microsoft.com/developer/msbuild/2003">
  <ItemGroup>
    <Filter Include="Source Files">
      <UniqueIdentifier>{4FC737F1-C7A5-4376-A066-2A32D752A2FF}</UniqueIdentifier>
      <Extensions>cpp;c;cc;cxx;c++;cppm;ixx;def;odl;idl;hpj;bat;asm;asmx</Extensions>
    </Filter>
    <Filter Include="Header Files">
      <UniqueIdentifier>{93995380-89BD-4b04-88EB-625FBE52EBFB}</UniqueIdentifier>
      <Extensions>h;hh;hpp;hxx;h++;hm;inl;inc;ipp;xsd</Extensions>
    </Filter>
    <Filter Include="Resource Files">
      <UniqueIdentifier>{67DA6AB6-F800-4c08-8B7A-83BB121AAD01}</UniqueIdentifier>
      <Extensions>rc;ico;cur;bmp;dlg;rc2;rct;bin;rgs;gif;jpg;jpeg;jpe;resx;tiff;tif;png;wav;mfcribbon-ms</Extensions>
    </Filter>
    <Filter Include="Header Files\Components">
      <UniqueIdentifier>{b4cbc5cd-ee2d-49ff-82a3-f9552833601e}</UniqueIdentifier>
    </Filter>
    <Filter Include="Header Files\Game Objects">
      <UniqueIdentifier>{e99ed985-598f-4f94-8dc2-47cb9a3165e5}</UniqueIdentifier>
    </Filter>
    <Filter Include="Header Files\Main">
      <UniqueIdentifier>{bb463e43-1329-46ff-bad7-4ad6f319ecac}</UniqueIdentifier>
    </Filter>
    <Filter Include="Source Files\Main">
      <UniqueIdentifier>{12d602cb-af21-4572-88f5-97cc9965cb65}</UniqueIdentifier>
    </Filter>
    <Filter Include="Source Files\Game Objects">
      <UniqueIdentifier>{8afeaaef-04dd-478d-b036-9137a6c5dbd3}</UniqueIdentifier>
    </Filter>
    <Filter Include="Source Files\Components">
      <UniqueIdentifier>{2ffedef6-a395-44b4-9872-bfc9a89eaeae}</UniqueIdentifier>
    </Filter>
    <Filter Include="Header Files\Game Objects\Character">
      <UniqueIdentifier>{52168f42-2909-4319-869b-2dee51b7e9cf}</UniqueIdentifier>
    </Filter>
    <Filter Include="Header Files\Game Objects\Enemy">
      <UniqueIdentifier>{8e084857-55f6-4c93-8b11-80aa06dde120}</UniqueIdentifier>
    </Filter>
    <Filter Include="Header Files\Game Objects\Items">
      <UniqueIdentifier>{51c06863-0e4d-4f23-b03f-51bf7d7814d7}</UniqueIdentifier>
    </Filter>
    <Filter Include="Header Files\Game Objects\Environment">
      <UniqueIdentifier>{ff1a7362-5857-4230-9837-674bd7bb7f74}</UniqueIdentifier>
    </Filter>
    <Filter Include="Source Files\Game Objects\Character">
      <UniqueIdentifier>{a4762c22-2572-4357-b2a3-e132044d56fb}</UniqueIdentifier>
    </Filter>
    <Filter Include="Source Files\Game Objects\Enemy">
      <UniqueIdentifier>{124818ae-8846-4ce8-8d6a-ba5f4f393d21}</UniqueIdentifier>
    </Filter>
    <Filter Include="Source Files\Game Objects\Items">
      <UniqueIdentifier>{df7db2e3-52b8-4e29-9acf-572c24b6214e}</UniqueIdentifier>
    </Filter>
    <Filter Include="Source Files\Game Objects\Environment">
      <UniqueIdentifier>{56314efa-5af0-4b3c-ad2d-63a86beb7cdd}</UniqueIdentifier>
    </Filter>
    <Filter Include="Source Files\Game Objects\Environment\Tilemap">
      <UniqueIdentifier>{86372bb2-81d3-473d-8465-b58b22b80fac}</UniqueIdentifier>
    </Filter>
  </ItemGroup>
  <ItemGroup>
    <ClCompile Include="GameObject.cpp">
      <Filter>Source Files\Game Objects</Filter>
    </ClCompile>
    <ClCompile Include="Main.cpp">
      <Filter>Source Files\Main</Filter>
    </ClCompile>
    <ClCompile Include="Input.cpp">
      <Filter>Source Files\Main</Filter>
    </ClCompile>
    <ClCompile Include="Music.cpp">
      <Filter>Source Files\Components</Filter>
    </ClCompile>
    <ClCompile Include="Sound.cpp">
      <Filter>Source Files\Components</Filter>
    </ClCompile>
    <ClCompile Include="Text.cpp">
      <Filter>Source Files\Components</Filter>
    </ClCompile>
    <ClCompile Include="Screen.cpp">
      <Filter>Source Files\Main</Filter>
    </ClCompile>
    <ClCompile Include="Vector2D.cpp">
      <Filter>Source Files\Components</Filter>
    </ClCompile>
    <ClCompile Include="Score.cpp">
      <Filter>Source Files\Game Objects</Filter>
    </ClCompile>
    <ClCompile Include="BoxCollider.cpp">
      <Filter>Source Files\Game Objects</Filter>
    </ClCompile>
    <ClCompile Include="SphereCollider.cpp">
      <Filter>Source Files\Game Objects</Filter>
    </ClCompile>
    <ClCompile Include="Sprite.cpp">
      <Filter>Source Files\Components</Filter>
    </ClCompile>
    <ClCompile Include="Background.cpp">
      <Filter>Source Files\Game Objects\Environment</Filter>
    </ClCompile>
    <ClCompile Include="Coin.cpp">
      <Filter>Source Files\Game Objects\Items</Filter>
    </ClCompile>
    <ClCompile Include="Enemy.cpp">
      <Filter>Source Files\Game Objects\Enemy</Filter>
    </ClCompile>
    <ClCompile Include="Player.cpp">
      <Filter>Source Files\Game Objects\Character</Filter>
    </ClCompile>
    <ClCompile Include="Spell.cpp">
      <Filter>Source Files\Game Objects\Character</Filter>
    </ClCompile>
    <ClCompile Include="Stone.cpp">
      <Filter>Source Files\Game Objects\Environment</Filter>
    </ClCompile>
    <ClCompile Include="..\..\39_tiling\39_tiling.cpp">
      <Filter>Source Files\Game Objects\Environment\Tilemap</Filter>
    </ClCompile>
  </ItemGroup>
  <ItemGroup>
    <ClInclude Include="Music.h">
      <Filter>Header Files\Components</Filter>
    </ClInclude>
    <ClInclude Include="Text.h">
      <Filter>Header Files\Components</Filter>
    </ClInclude>
    <ClInclude Include="Sound.h">
      <Filter>Header Files\Components</Filter>
    </ClInclude>
    <ClInclude Include="Vector2D.h">
      <Filter>Header Files\Components</Filter>
    </ClInclude>
    <ClInclude Include="GameObject.h">
      <Filter>Header Files\Game Objects</Filter>
    </ClInclude>
    <ClInclude Include="Input.h">
      <Filter>Header Files\Main</Filter>
    </ClInclude>
    <ClInclude Include="Screen.h">
      <Filter>Header Files\Main</Filter>
    </ClInclude>
    <ClInclude Include="Score.h">
      <Filter>Header Files\Game Objects</Filter>
    </ClInclude>
    <ClInclude Include="BoxCollider.h">
      <Filter>Header Files\Game Objects</Filter>
    </ClInclude>
    <ClInclude Include="SphereCollider.h">
      <Filter>Header Files\Game Objects</Filter>
    </ClInclude>
    <ClInclude Include="Sprite.h">
      <Filter>Header Files\Components</Filter>
    </ClInclude>
    <ClInclude Include="Player.h">
      <Filter>Header Files\Game Objects\Character</Filter>
    </ClInclude>
    <ClInclude Include="Spell.h">
      <Filter>Header Files\Game Objects\Character</Filter>
    </ClInclude>
    <ClInclude Include="Enemy.h">
      <Filter>Header Files\Game Objects\Enemy</Filter>
    </ClInclude>
    <ClInclude Include="Coin.h">
      <Filter>Header Files\Game Objects\Items</Filter>
    </ClInclude>
    <ClInclude Include="Stone.h">
      <Filter>Header Files\Game Objects\Environment</Filter>
    </ClInclude>
    <ClInclude Include="Background.h">
      <Filter>Header Files\Game Objects\Environment</Filter>
    </ClInclude>
  </ItemGroup>
  <ItemGroup>
    <Image Include="..\..\39_tiling\dot.bmp">
      <Filter>Source Files\Game Objects\Environment\Tilemap</Filter>
    </Image>
    <Image Include="..\..\39_tiling\tiles.png">
      <Filter>Source Files\Game Objects\Environment\Tilemap</Filter>
    </Image>
  </ItemGroup>
  <ItemGroup>
    <None Include="..\..\39_tiling\lazy.map">
      <Filter>Source Files\Game Objects\Environment\Tilemap</Filter>
    </None>
  </ItemGroup>
  <ItemGroup>
    <Text Include="..\..\39_tiling\readme.txt">
      <Filter>Source Files\Game Objects\Environment\Tilemap</Filter>
    </Text>
  </ItemGroup>
</Project>